
Microsoft Visual Studio Solution File, Format Version 12.00
# Visual Studio Version 17
VisualStudioVersion = 17.9.34728.123
MinimumVisualStudioVersion = 10.0.40219.1
Project("{FAE04EC0-301F-11D3-BF4B-00C04F79EFBC}") = "Todos2", "Todos2\Todos2.csproj", "{EE0DF6F7-97D5-4519-848D-3175676434EB}"
EndProject
Global
	GlobalSection(SolutionConfigurationPlatforms) = preSolution
		Debug|Any CPU = Debug|Any CPU
		Release|Any CPU = Release|Any CPU
	EndGlobalSection
	GlobalSection(ProjectConfigurationPlatforms) = postSolution
		{EE0DF6F7-97D5-4519-848D-3175676434EB}.Debug|Any CPU.ActiveCfg = Debug|Any CPU
		{EE0DF6F7-97D5-4519-848D-3175676434EB}.Debug|Any CPU.Build.0 = Debug|Any CPU
		{EE0DF6F7-97D5-4519-848D-3175676434EB}.Release|Any CPU.ActiveCfg = Release|Any CPU
		{EE0DF6F7-97D5-4519-848D-3175676434EB}.Release|Any CPU.Build.0 = Release|Any CPU
	EndGlobalSection
	GlobalSection(SolutionProperties) = preSolution
		HideSolutionNode = FALSE
	EndGlobalSection
	GlobalSection(ExtensibilityGlobals) = postSolution
		SolutionGuid = {E2537972-FC35-481C-83F9-A63C49DDF3B0}
	EndGlobalSection
EndGlobal
